// !$*UTF8*$!
{
	archiveVersion = 1;
	classes = {
	};
	objectVersion = 77;
	objects = {

/* Begin PBXBuildFile section */
		06ED393AF0866D0BECCE2DC1 /* SettingsView.swift in Sources */ = {isa = PBXBuildFile; fileRef = C8C927930D18747E8AFA75D4 /* SettingsView.swift */; };
		2D1D65332929DC7890F8122D /* DetailView.swift in Sources */ = {isa = PBXBuildFile; fileRef = 2DA3CE19FC62F758250336D7 /* DetailView.swift */; };
		37EB3044D077F19C9A4FD6DE /* Assets.xcassets in Resources */ = {isa = PBXBuildFile; fileRef = 43813C3F6BE43D7A5BF8C848 /* Assets.xcassets */; };
		42924D8FE6D9CCA6703DCE20 /* AVFoundationAnalyzer.swift in Sources */ = {isa = PBXBuildFile; fileRef = 075952F8B7A5EF7875AEBE1B /* AVFoundationAnalyzer.swift */; };
		598E45281F720D2FBE9AE43B /* VideoAnalyzerApp.swift in Sources */ = {isa = PBXBuildFile; fileRef = 05FEBD9759F1C7AFBD76712F /* VideoAnalyzerApp.swift */; };
		5A1FAFFAB799CC4FEEC207CB /* DropZoneView.swift in Sources */ = {isa = PBXBuildFile; fileRef = BBD05AA27C0131590662B474 /* DropZoneView.swift */; };
		7053EA7802F19AA519F0096F /* MediaFile.swift in Sources */ = {isa = PBXBuildFile; fileRef = 392ED10EC0339BC0315E840D /* MediaFile.swift */; };
		7100C69B0DF3D60CF4C49C2F /* AnalysisCoordinator.swift in Sources */ = {isa = PBXBuildFile; fileRef = A36D23289E737959271F739C /* AnalysisCoordinator.swift */; };
		76D61AFBB95539BB1C0825B9 /* ContentView.swift in Sources */ = {isa = PBXBuildFile; fileRef = E8B6BD81ADD821DD7D892575 /* ContentView.swift */; };
		81DCBB7C5DAC30769D10026B /* FileListView.swift in Sources */ = {isa = PBXBuildFile; fileRef = 6FBB656DCF825FE6719D5251 /* FileListView.swift */; };
		9C30481D55CA9999AB48CF5B /* AnalysisResult.swift in Sources */ = {isa = PBXBuildFile; fileRef = 751AF28A6BA10E4A1339B85F /* AnalysisResult.swift */; };
		A52C53DB7504F3033F58A33F /* FFmpegAnalyzer.swift in Sources */ = {isa = PBXBuildFile; fileRef = B6DD445B738519A095C17D8D /* FFmpegAnalyzer.swift */; };
		ABC5D51CF79DDCFFDD6EE6E6 /* MediaIssue.swift in Sources */ = {isa = PBXBuildFile; fileRef = CF4D3729D452136D7309F7E8 /* MediaIssue.swift */; };
		BE35FBDA55AFDE242C6ADA09 /* AnalyzerViewModel.swift in Sources */ = {isa = PBXBuildFile; fileRef = 10EB919B908E36D7B3EF1F24 /* AnalyzerViewModel.swift */; };
		C807BB7E570201E3A9EEE6AA /* AnalysisProgress.swift in Sources */ = {isa = PBXBuildFile; fileRef = 8BF4AAB5D02FB0B62A21AE79 /* AnalysisProgress.swift */; };
		E78B1F5C6E93F4F0F98B8B0C /* MediaMetadata.swift in Sources */ = {isa = PBXBuildFile; fileRef = 3A0B83043C10BC2E4D1DBC60 /* MediaMetadata.swift */; };
/* End PBXBuildFile section */

/* Begin PBXFileReference section */
		05FEBD9759F1C7AFBD76712F /* VideoAnalyzerApp.swift */ = {isa = PBXFileReference; lastKnownFileType = sourcecode.swift; path = VideoAnalyzerApp.swift; sourceTree = "<group>"; };
		075952F8B7A5EF7875AEBE1B /* AVFoundationAnalyzer.swift */ = {isa = PBXFileReference; lastKnownFileType = sourcecode.swift; path = AVFoundationAnalyzer.swift; sourceTree = "<group>"; };
		10EB919B908E36D7B3EF1F24 /* AnalyzerViewModel.swift */ = {isa = PBXFileReference; lastKnownFileType = sourcecode.swift; path = AnalyzerViewModel.swift; sourceTree = "<group>"; };
		19527ECE5094D4C1597ECDF8 /* VideoAnalyzer.entitlements */ = {isa = PBXFileReference; lastKnownFileType = text.plist.entitlements; path = VideoAnalyzer.entitlements; sourceTree = "<group>"; };
		2DA3CE19FC62F758250336D7 /* DetailView.swift */ = {isa = PBXFileReference; lastKnownFileType = sourcecode.swift; path = DetailView.swift; sourceTree = "<group>"; };
		392ED10EC0339BC0315E840D /* MediaFile.swift */ = {isa = PBXFileReference; lastKnownFileType = sourcecode.swift; path = MediaFile.swift; sourceTree = "<group>"; };
		3A0B83043C10BC2E4D1DBC60 /* MediaMetadata.swift */ = {isa = PBXFileReference; lastKnownFileType = sourcecode.swift; path = MediaMetadata.swift; sourceTree = "<group>"; };
		43813C3F6BE43D7A5BF8C848 /* Assets.xcassets */ = {isa = PBXFileReference; lastKnownFileType = folder.assetcatalog; path = Assets.xcassets; sourceTree = "<group>"; };
		6FBB656DCF825FE6719D5251 /* FileListView.swift */ = {isa = PBXFileReference; lastKnownFileType = sourcecode.swift; path = FileListView.swift; sourceTree = "<group>"; };
		751AF28A6BA10E4A1339B85F /* AnalysisResult.swift */ = {isa = PBXFileReference; lastKnownFileType = sourcecode.swift; path = AnalysisResult.swift; sourceTree = "<group>"; };
		8BF4AAB5D02FB0B62A21AE79 /* AnalysisProgress.swift */ = {isa = PBXFileReference; lastKnownFileType = sourcecode.swift; path = AnalysisProgress.swift; sourceTree = "<group>"; };
		9267DD963C8FAF252BE44FDC /* VideoAnalyzer.app */ = {isa = PBXFileReference; explicitFileType = wrapper.application; includeInIndex = 0; path = VideoAnalyzer.app; sourceTree = BUILT_PRODUCTS_DIR; };
		A36D23289E737959271F739C /* AnalysisCoordinator.swift */ = {isa = PBXFileReference; lastKnownFileType = sourcecode.swift; path = AnalysisCoordinator.swift; sourceTree = "<group>"; };
		B6DD445B738519A095C17D8D /* FFmpegAnalyzer.swift */ = {isa = PBXFileReference; lastKnownFileType = sourcecode.swift; path = FFmpegAnalyzer.swift; sourceTree = "<group>"; };
		BBD05AA27C0131590662B474 /* DropZoneView.swift */ = {isa = PBXFileReference; lastKnownFileType = sourcecode.swift; path = DropZoneView.swift; sourceTree = "<group>"; };
		C8C927930D18747E8AFA75D4 /* SettingsView.swift */ = {isa = PBXFileReference; lastKnownFileType = sourcecode.swift; path = SettingsView.swift; sourceTree = "<group>"; };
		CF4D3729D452136D7309F7E8 /* MediaIssue.swift */ = {isa = PBXFileReference; lastKnownFileType = sourcecode.swift; path = MediaIssue.swift; sourceTree = "<group>"; };
		E8B6BD81ADD821DD7D892575 /* ContentView.swift */ = {isa = PBXFileReference; lastKnownFileType = sourcecode.swift; path = ContentView.swift; sourceTree = "<group>"; };
/* End PBXFileReference section */

/* Begin PBXGroup section */
		115E80463A7617CBDFC08AA5 /* Products */ = {
			isa = PBXGroup;
			children = (
				9267DD963C8FAF252BE44FDC /* VideoAnalyzer.app */,
			);
			name = Products;
			sourceTree = "<group>";
		};
		1A425A0B9FE37AEAD1B1B3BC /* Services */ = {
			isa = PBXGroup;
			children = (
				A36D23289E737959271F739C /* AnalysisCoordinator.swift */,
				075952F8B7A5EF7875AEBE1B /* AVFoundationAnalyzer.swift */,
				B6DD445B738519A095C17D8D /* FFmpegAnalyzer.swift */,
			);
			path = Services;
			sourceTree = "<group>";
		};
		4D299CBB4F054F2389471C27 /* VideoAnalyzer */ = {
			isa = PBXGroup;
			children = (
				E1E1F0E01BB740C9379F7DE9 /* App */,
				55C17E671BF141FB7E747701 /* Models */,
				A3AF4A83100729F7696E20DE /* Resources */,
				1A425A0B9FE37AEAD1B1B3BC /* Services */,
				5C09FBE8A901B7C6B750BB30 /* ViewModels */,
				62CCFDA4D1D517DBE2C3FCD1 /* Views */,
			);
			path = VideoAnalyzer;
			sourceTree = "<group>";
		};
		55C17E671BF141FB7E747701 /* Models */ = {
			isa = PBXGroup;
			children = (
				8BF4AAB5D02FB0B62A21AE79 /* AnalysisProgress.swift */,
				751AF28A6BA10E4A1339B85F /* AnalysisResult.swift */,
				392ED10EC0339BC0315E840D /* MediaFile.swift */,
				CF4D3729D452136D7309F7E8 /* MediaIssue.swift */,
				3A0B83043C10BC2E4D1DBC60 /* MediaMetadata.swift */,
			);
			path = Models;
			sourceTree = "<group>";
		};
		5C09FBE8A901B7C6B750BB30 /* ViewModels */ = {
			isa = PBXGroup;
			children = (
				10EB919B908E36D7B3EF1F24 /* AnalyzerViewModel.swift */,
			);
			path = ViewModels;
			sourceTree = "<group>";
		};
		62CCFDA4D1D517DBE2C3FCD1 /* Views */ = {
			isa = PBXGroup;
			children = (
				E8B6BD81ADD821DD7D892575 /* ContentView.swift */,
				2DA3CE19FC62F758250336D7 /* DetailView.swift */,
				BBD05AA27C0131590662B474 /* DropZoneView.swift */,
				6FBB656DCF825FE6719D5251 /* FileListView.swift */,
				C8C927930D18747E8AFA75D4 /* SettingsView.swift */,
			);
			path = Views;
			sourceTree = "<group>";
		};
		A3AF4A83100729F7696E20DE /* Resources */ = {
			isa = PBXGroup;
			children = (
				43813C3F6BE43D7A5BF8C848 /* Assets.xcassets */,
			);
			path = Resources;
			sourceTree = "<group>";
		};
		DE7BFAA2BEEF4DCB22E49EB0 = {
			isa = PBXGroup;
			children = (
				4D299CBB4F054F2389471C27 /* VideoAnalyzer */,
				115E80463A7617CBDFC08AA5 /* Products */,
			);
			sourceTree = "<group>";
		};
		E1E1F0E01BB740C9379F7DE9 /* App */ = {
			isa = PBXGroup;
			children = (
				19527ECE5094D4C1597ECDF8 /* VideoAnalyzer.entitlements */,
				05FEBD9759F1C7AFBD76712F /* VideoAnalyzerApp.swift */,
			);
			path = App;
			sourceTree = "<group>";
		};
/* End PBXGroup section */

/* Begin PBXNativeTarget section */
		CBF05FCFBAB7C490F6C0C53B /* VideoAnalyzer */ = {
			isa = PBXNativeTarget;
			buildConfigurationList = D27E2E4F2421A028B76164B6 /* Build configuration list for PBXNativeTarget "VideoAnalyzer" */;
			buildPhases = (
				C19F20A7684FA5BF2740B57C /* Sources */,
				00A19772D68C58386AB15F22 /* Resources */,
			);
			buildRules = (
			);
			dependencies = (
			);
			name = VideoAnalyzer;
			packageProductDependencies = (
			);
			productName = VideoAnalyzer;
			productReference = 9267DD963C8FAF252BE44FDC /* VideoAnalyzer.app */;
			productType = "com.apple.product-type.application";
		};
/* End PBXNativeTarget section */

/* Begin PBXProject section */
		5B336C84403641AA5D8D2377 /* Project object */ = {
			isa = PBXProject;
			attributes = {
				BuildIndependentTargetsInParallel = YES;
				LastUpgradeCheck = 1600;
				TargetAttributes = {
					CBF05FCFBAB7C490F6C0C53B = {
						ProvisioningStyle = Automatic;
					};
				};
			};
			buildConfigurationList = D9500B0B3B1715833FF77C19 /* Build configuration list for PBXProject "VideoAnalyzer" */;
			compatibilityVersion = "Xcode 14.0";
			developmentRegion = en;
			hasScannedForEncodings = 0;
			knownRegions = (
				Base,
				en,
			);
			mainGroup = DE7BFAA2BEEF4DCB22E49EB0;
			minimizedProjectReferenceProxies = 1;
			preferredProjectObjectVersion = 77;
			projectDirPath = "";
			projectRoot = "";
			targets = (
				CBF05FCFBAB7C490F6C0C53B /* VideoAnalyzer */,
			);
		};
/* End PBXProject section */

/* Begin PBXResourcesBuildPhase section */
		00A19772D68C58386AB15F22 /* Resources */ = {
			isa = PBXResourcesBuildPhase;
			buildActionMask = 2147483647;
			files = (
				37EB3044D077F19C9A4FD6DE /* Assets.xcassets in Resources */,
			);
			runOnlyForDeploymentPostprocessing = 0;
		};
/* End PBXResourcesBuildPhase section */

/* Begin PBXSourcesBuildPhase section */
		C19F20A7684FA5BF2740B57C /* Sources */ = {
			isa = PBXSourcesBuildPhase;
			buildActionMask = 2147483647;
			files = (
				42924D8FE6D9CCA6703DCE20 /* AVFoundationAnalyzer.swift in Sources */,
				7100C69B0DF3D60CF4C49C2F /* AnalysisCoordinator.swift in Sources */,
				C807BB7E570201E3A9EEE6AA /* AnalysisProgress.swift in Sources */,
				9C30481D55CA9999AB48CF5B /* AnalysisResult.swift in Sources */,
				BE35FBDA55AFDE242C6ADA09 /* AnalyzerViewModel.swift in Sources */,
				76D61AFBB95539BB1C0825B9 /* ContentView.swift in Sources */,
				2D1D65332929DC7890F8122D /* DetailView.swift in Sources */,
				5A1FAFFAB799CC4FEEC207CB /* DropZoneView.swift in Sources */,
				A52C53DB7504F3033F58A33F /* FFmpegAnalyzer.swift in Sources */,
				81DCBB7C5DAC30769D10026B /* FileListView.swift in Sources */,
				7053EA7802F19AA519F0096F /* MediaFile.swift in Sources */,
				ABC5D51CF79DDCFFDD6EE6E6 /* MediaIssue.swift in Sources */,
				E78B1F5C6E93F4F0F98B8B0C /* MediaMetadata.swift in Sources */,
				06ED393AF0866D0BECCE2DC1 /* SettingsView.swift in Sources */,
				598E45281F720D2FBE9AE43B /* VideoAnalyzerApp.swift in Sources */,
			);
			runOnlyForDeploymentPostprocessing = 0;
		};
/* End PBXSourcesBuildPhase section */

/* Begin XCBuildConfiguration section */
		0F2B1213032A564432D7FF71 /* Release */ = {
			isa = XCBuildConfiguration;
			buildSettings = {
				ALWAYS_SEARCH_USER_PATHS = NO;
				CLANG_ANALYZER_NONNULL = YES;
				CLANG_ANALYZER_NUMBER_OBJECT_CONVERSION = YES_AGGRESSIVE;
				CLANG_CXX_LANGUAGE_STANDARD = "gnu++14";
				CLANG_CXX_LIBRARY = "libc++";
				CLANG_ENABLE_MODULES = YES;
				CLANG_ENABLE_OBJC_ARC = YES;
				CLANG_ENABLE_OBJC_WEAK = YES;
				CLANG_WARN_BLOCK_CAPTURE_AUTORELEASING = YES;
				CLANG_WARN_BOOL_CONVERSION = YES;
				CLANG_WARN_COMMA = YES;
				CLANG_WARN_CONSTANT_CONVERSION = YES;
				CLANG_WARN_DEPRECATED_OBJC_IMPLEMENTATIONS = YES;
				CLANG_WARN_DIRECT_OBJC_ISA_USAGE = YES_ERROR;
				CLANG_WARN_DOCUMENTATION_COMMENTS = YES;
				CLANG_WARN_EMPTY_BODY = YES;
				CLANG_WARN_ENUM_CONVERSION = YES;
				CLANG_WARN_INFINITE_RECURSION = YES;
				CLANG_WARN_INT_CONVERSION = YES;
				CLANG_WARN_NON_LITERAL_NULL_CONVERSION = YES;
				CLANG_WARN_OBJC_IMPLICIT_RETAIN_SELF = YES;
				CLANG_WARN_OBJC_LITERAL_CONVERSION = YES;
				CLANG_WARN_OBJC_ROOT_CLASS = YES_ERROR;
				CLANG_WARN_QUOTED_INCLUDE_IN_FRAMEWORK_HEADER = YES;
				CLANG_WARN_RANGE_LOOP_ANALYSIS = YES;
				CLANG_WARN_STRICT_PROTOTYPES = YES;
				CLANG_WARN_SUSPICIOUS_MOVE = YES;
				CLANG_WARN_UNGUARDED_AVAILABILITY = YES_AGGRESSIVE;
				CLANG_WARN_UNREACHABLE_CODE = YES;
				CLANG_WARN__DUPLICATE_METHOD_MATCH = YES;
				COPY_PHASE_STRIP = NO;
				DEBUG_INFORMATION_FORMAT = "dwarf-with-dsym";
				ENABLE_NS_ASSERTIONS = NO;
				ENABLE_STRICT_OBJC_MSGSEND = YES;
				GCC_C_LANGUAGE_STANDARD = gnu11;
				GCC_NO_COMMON_BLOCKS = YES;
				GCC_WARN_64_TO_32_BIT_CONVERSION = YES;
				GCC_WARN_ABOUT_RETURN_TYPE = YES_ERROR;
				GCC_WARN_UNDECLARED_SELECTOR = YES;
				GCC_WARN_UNINITIALIZED_AUTOS = YES_AGGRESSIVE;
				GCC_WARN_UNUSED_FUNCTION = YES;
				GCC_WARN_UNUSED_VARIABLE = YES;
				MACOSX_DEPLOYMENT_TARGET = 15.0;
				MTL_ENABLE_DEBUG_INFO = NO;
				MTL_FAST_MATH = YES;
				PRODUCT_NAME = "$(TARGET_NAME)";
				SDKROOT = macosx;
				SWIFT_COMPILATION_MODE = wholemodule;
				SWIFT_OPTIMIZATION_LEVEL = "-O";
				SWIFT_STRICT_CONCURRENCY = complete;
				SWIFT_VERSION = 6.0;
			};
			name = Release;
		};
		9B106941A9FDE45955F82770 /* Debug */ = {
			isa = XCBuildConfiguration;
			buildSettings = {
				ASSETCATALOG_COMPILER_APPICON_NAME = AppIcon;
				CODE_SIGN_ENTITLEMENTS = VideoAnalyzer/App/VideoAnalyzer.entitlements;
				CODE_SIGN_STYLE = Automatic;
				COMBINE_HIDPI_IMAGES = YES;
				CURRENT_PROJECT_VERSION = 1;
				GENERATE_INFOPLIST_FILE = YES;
				INFOPLIST_GENERATION_MODE = GeneratedFile;
				LD_RUNPATH_SEARCH_PATHS = (
					"$(inherited)",
					"@executable_path/../Frameworks",
				);
				MARKETING_VERSION = 1.0.0;
				PRODUCT_BUNDLE_IDENTIFIER = com.videoanalyzer.VideoAnalyzer;
				PRODUCT_NAME = VideoAnalyzer;
				SDKROOT = macosx;
			};
			name = Debug;
		};
		9FBB42BD14B73148BA884FAE /* Release */ = {
			isa = XCBuildConfiguration;
			buildSettings = {
				ASSETCATALOG_COMPILER_APPICON_NAME = AppIcon;
				CODE_SIGN_ENTITLEMENTS = VideoAnalyzer/App/VideoAnalyzer.entitlements;
				CODE_SIGN_STYLE = Automatic;
				COMBINE_HIDPI_IMAGES = YES;
				CURRENT_PROJECT_VERSION = 1;
				GENERATE_INFOPLIST_FILE = YES;
				INFOPLIST_GENERATION_MODE = GeneratedFile;
				LD_RUNPATH_SEARCH_PATHS = (
					"$(inherited)",
					"@executable_path/../Frameworks",
				);
				MARKETING_VERSION = 1.0.0;
				PRODUCT_BUNDLE_IDENTIFIER = com.videoanalyzer.VideoAnalyzer;
				PRODUCT_NAME = VideoAnalyzer;
				SDKROOT = macosx;
			};
			name = Release;
		};
		C80E65D8D994E3310E140447 /* Debug */ = {
			isa = XCBuildConfiguration;
			buildSettings = {
				ALWAYS_SEARCH_USER_PATHS = NO;
				CLANG_ANALYZER_NONNULL = YES;
				CLANG_ANALYZER_NUMBER_OBJECT_CONVERSION = YES_AGGRESSIVE;
				CLANG_CXX_LANGUAGE_STANDARD = "gnu++14";
				CLANG_CXX_LIBRARY = "libc++";
				CLANG_ENABLE_MODULES = YES;
				CLANG_ENABLE_OBJC_ARC = YES;
				CLANG_ENABLE_OBJC_WEAK = YES;
				CLANG_WARN_BLOCK_CAPTURE_AUTORELEASING = YES;
				CLANG_WARN_BOOL_CONVERSION = YES;
				CLANG_WARN_COMMA = YES;
				CLANG_WARN_CONSTANT_CONVERSION = YES;
				CLANG_WARN_DEPRECATED_OBJC_IMPLEMENTATIONS = YES;
				CLANG_WARN_DIRECT_OBJC_ISA_USAGE = YES_ERROR;
				CLANG_WARN_DOCUMENTATION_COMMENTS = YES;
				CLANG_WARN_EMPTY_BODY = YES;
				CLANG_WARN_ENUM_CONVERSION = YES;
				CLANG_WARN_INFINITE_RECURSION = YES;
				CLANG_WARN_INT_CONVERSION = YES;
				CLANG_WARN_NON_LITERAL_NULL_CONVERSION = YES;
				CLANG_WARN_OBJC_IMPLICIT_RETAIN_SELF = YES;
				CLANG_WARN_OBJC_LITERAL_CONVERSION = YES;
				CLANG_WARN_OBJC_ROOT_CLASS = YES_ERROR;
				CLANG_WARN_QUOTED_INCLUDE_IN_FRAMEWORK_HEADER = YES;
				CLANG_WARN_RANGE_LOOP_ANALYSIS = YES;
				CLANG_WARN_STRICT_PROTOTYPES = YES;
				CLANG_WARN_SUSPICIOUS_MOVE = YES;
				CLANG_WARN_UNGUARDED_AVAILABILITY = YES_AGGRESSIVE;
				CLANG_WARN_UNREACHABLE_CODE = YES;
				CLANG_WARN__DUPLICATE_METHOD_MATCH = YES;
				COPY_PHASE_STRIP = NO;
				DEBUG_INFORMATION_FORMAT = dwarf;
				ENABLE_STRICT_OBJC_MSGSEND = YES;
				ENABLE_TESTABILITY = YES;
				GCC_C_LANGUAGE_STANDARD = gnu11;
				GCC_DYNAMIC_NO_PIC = NO;
				GCC_NO_COMMON_BLOCKS = YES;
				GCC_OPTIMIZATION_LEVEL = 0;
				GCC_PREPROCESSOR_DEFINITIONS = (
					"$(inherited)",
					"DEBUG=1",
				);
				GCC_WARN_64_TO_32_BIT_CONVERSION = YES;
				GCC_WARN_ABOUT_RETURN_TYPE = YES_ERROR;
				GCC_WARN_UNDECLARED_SELECTOR = YES;
				GCC_WARN_UNINITIALIZED_AUTOS = YES_AGGRESSIVE;
				GCC_WARN_UNUSED_FUNCTION = YES;
				GCC_WARN_UNUSED_VARIABLE = YES;
				MACOSX_DEPLOYMENT_TARGET = 15.0;
				MTL_ENABLE_DEBUG_INFO = INCLUDE_SOURCE;
				MTL_FAST_MATH = YES;
				ONLY_ACTIVE_ARCH = YES;
				PRODUCT_NAME = "$(TARGET_NAME)";
				SDKROOT = macosx;
				SWIFT_ACTIVE_COMPILATION_CONDITIONS = DEBUG;
				SWIFT_OPTIMIZATION_LEVEL = "-Onone";
				SWIFT_STRICT_CONCURRENCY = complete;
				SWIFT_VERSION = 6.0;
			};
			name = Debug;
		};
/* End XCBuildConfiguration section */

/* Begin XCConfigurationList section */
		D27E2E4F2421A028B76164B6 /* Build configuration list for PBXNativeTarget "VideoAnalyzer" */ = {
			isa = XCConfigurationList;
			buildConfigurations = (
				9B106941A9FDE45955F82770 /* Debug */,
				9FBB42BD14B73148BA884FAE /* Release */,
			);
			defaultConfigurationIsVisible = 0;
			defaultConfigurationName = Debug;
		};
		D9500B0B3B1715833FF77C19 /* Build configuration list for PBXProject "VideoAnalyzer" */ = {
			isa = XCConfigurationList;
			buildConfigurations = (
				C80E65D8D994E3310E140447 /* Debug */,
				0F2B1213032A564432D7FF71 /* Release */,
			);
			defaultConfigurationIsVisible = 0;
			defaultConfigurationName = Debug;
		};
/* End XCConfigurationList section */
	};
	rootObject = 5B336C84403641AA5D8D2377 /* Project object */;
}
